{
  "name": "mintmusic",
  "version": "1.0.0",
  "lockfileVersion": 1,
  "requires": true,
  "dependencies": {
    "@fortawesome/fontawesome-common-types": {
      "version": "0.2.7",
      "resolved": "http://registry.npm.taobao.org/@fortawesome/fontawesome-common-types/download/@fortawesome/fontawesome-common-types-0.2.7.tgz",
      "integrity": "sha1-/naAOSLbDrQ5NnUZnC4MO61SYpw=",
      "dev": true
    },
    "@fortawesome/free-brands-svg-icons": {
      "version": "5.4.2",
      "resolved": "http://registry.npm.taobao.org/@fortawesome/free-brands-svg-icons/download/@fortawesome/free-brands-svg-icons-5.4.2.tgz",
      "integrity": "sha1-Or7YOD2NJAELIrWSdRwwuRUNiBM=",
      "dev": true,
      "requires": {
        "@fortawesome/fontawesome-common-types": "^0.2.7"
      }
    },
    "@fortawesome/free-regular-svg-icons": {
      "version": "5.4.2",
      "resolved": "http://registry.npm.taobao.org/@fortawesome/free-regular-svg-icons/download/@fortawesome/free-regular-svg-icons-5.4.2.tgz",
      "integrity": "sha1-iKDY5aJwruN+ufVHB8ptdpoMenU=",
      "dev": true,
      "requires": {
        "@fortawesome/fontawesome-common-types": "^0.2.7"
      }
    },
    "@fortawesome/free-solid-svg-icons": {
      "version": "5.4.2",
      "resolved": "http://registry.npm.taobao.org/@fortawesome/free-solid-svg-icons/download/@fortawesome/free-solid-svg-icons-5.4.2.tgz",
      "integrity": "sha1-GF/auIBtVyaEZxndf4onVse09/4=",
      "dev": true,
      "requires": {
        "@fortawesome/fontawesome-common-types": "^0.2.7"
      }
    }
  }
}
